
Microsoft Visual Studio Solution File, Format Version 12.00
Project("{FAE04EC0-301F-11D3-BF4B-00C04F79EFBC}") = "AleksandrovaNewborn", "AleksandrovaNewborn\AleksandrovaNewborn.csproj", "{8D7D3776-D029-4323-BDE3-D7F37F27BACD}"
EndProject
Project("{FAE04EC0-301F-11D3-BF4B-00C04F79EFBC}") = "AleksandrovaNewborn.Tests", "AleksandrovaNewborn.Tests\AleksandrovaNewborn.Tests.csproj", "{B3891279-F01B-4F72-A720-01D4AF5AD5F2}"
EndProject
Global
	GlobalSection(SolutionConfigurationPlatforms) = preSolution
		Debug|Any CPU = Debug|Any CPU
		Release|Any CPU = Release|Any CPU
	EndGlobalSection
	GlobalSection(ProjectConfigurationPlatforms) = postSolution
		{8D7D3776-D029-4323-BDE3-D7F37F27BACD}.Debug|Any CPU.ActiveCfg = Debug|Any CPU
		{8D7D3776-D029-4323-BDE3-D7F37F27BACD}.Debug|Any CPU.Build.0 = Debug|Any CPU
		{8D7D3776-D029-4323-BDE3-D7F37F27BACD}.Release|Any CPU.ActiveCfg = Release|Any CPU
		{8D7D3776-D029-4323-BDE3-D7F37F27BACD}.Release|Any CPU.Build.0 = Release|Any CPU
		{B3891279-F01B-4F72-A720-01D4AF5AD5F2}.Debug|Any CPU.ActiveCfg = Debug|Any CPU
		{B3891279-F01B-4F72-A720-01D4AF5AD5F2}.Debug|Any CPU.Build.0 = Debug|Any CPU
		{B3891279-F01B-4F72-A720-01D4AF5AD5F2}.Release|Any CPU.ActiveCfg = Release|Any CPU
		{B3891279-F01B-4F72-A720-01D4AF5AD5F2}.Release|Any CPU.Build.0 = Release|Any CPU
	EndGlobalSection
EndGlobal
